
Microsoft Visual Studio Solution File, Format Version 12.00
# Visual Studio Version 16
VisualStudioVersion = 16.0.29613.14
MinimumVisualStudioVersion = 10.0.40219.1
Project("{FAE04EC0-301F-11D3-BF4B-00C04F79EFBC}") = "HandsOnMVCModelValidations", "HandsOnMVCModelValidations.csproj", "{BFFA09FB-CE85-4A3B-9B46-6D81C124A22D}"
EndProject
Global
	GlobalSection(SolutionConfigurationPlatforms) = preSolution
		Debug|Any CPU = Debug|Any CPU
		Release|Any CPU = Release|Any CPU
	EndGlobalSection
	GlobalSection(ProjectConfigurationPlatforms) = postSolution
		{BFFA09FB-CE85-4A3B-9B46-6D81C124A22D}.Debug|Any CPU.ActiveCfg = Debug|Any CPU
		{BFFA09FB-CE85-4A3B-9B46-6D81C124A22D}.Debug|Any CPU.Build.0 = Debug|Any CPU
		{BFFA09FB-CE85-4A3B-9B46-6D81C124A22D}.Release|Any CPU.ActiveCfg = Release|Any CPU
		{BFFA09FB-CE85-4A3B-9B46-6D81C124A22D}.Release|Any CPU.Build.0 = Release|Any CPU
	EndGlobalSection
	GlobalSection(SolutionProperties) = preSolution
		HideSolutionNode = FALSE
	EndGlobalSection
	GlobalSection(ExtensibilityGlobals) = postSolution
		SolutionGuid = {0F48CAD8-DA60-4B2F-8B85-7FA1BD55C778}
	EndGlobalSection
EndGlobal
