
Microsoft Visual Studio Solution File, Format Version 12.00
# Visual Studio Version 16
VisualStudioVersion = 16.0.29613.14
MinimumVisualStudioVersion = 10.0.40219.1
Project("{FAE04EC0-301F-11D3-BF4B-00C04F79EFBC}") = "CREDMVC12", "CREDMVC12.csproj", "{724E3B7F-B9FD-4927-837E-EBFA1ED25DCF}"
EndProject
Global
	GlobalSection(SolutionConfigurationPlatforms) = preSolution
		Debug|Any CPU = Debug|Any CPU
		Release|Any CPU = Release|Any CPU
	EndGlobalSection
	GlobalSection(ProjectConfigurationPlatforms) = postSolution
		{724E3B7F-B9FD-4927-837E-EBFA1ED25DCF}.Debug|Any CPU.ActiveCfg = Debug|Any CPU
		{724E3B7F-B9FD-4927-837E-EBFA1ED25DCF}.Debug|Any CPU.Build.0 = Debug|Any CPU
		{724E3B7F-B9FD-4927-837E-EBFA1ED25DCF}.Release|Any CPU.ActiveCfg = Release|Any CPU
		{724E3B7F-B9FD-4927-837E-EBFA1ED25DCF}.Release|Any CPU.Build.0 = Release|Any CPU
	EndGlobalSection
	GlobalSection(SolutionProperties) = preSolution
		HideSolutionNode = FALSE
	EndGlobalSection
	GlobalSection(ExtensibilityGlobals) = postSolution
		SolutionGuid = {6363DF2F-5AE5-4329-A97D-544A715EC390}
	EndGlobalSection
EndGlobal
