
Microsoft Visual Studio Solution File, Format Version 12.00
# Visual Studio Version 16
VisualStudioVersion = 16.0.29613.14
MinimumVisualStudioVersion = 10.0.40219.1
Project("{FAE04EC0-301F-11D3-BF4B-00C04F79EFBC}") = "WebApplication2", "WebApplication2.csproj", "{DED8199F-D62C-4CD2-AD27-1F01DAC8BCAF}"
EndProject
Global
	GlobalSection(SolutionConfigurationPlatforms) = preSolution
		Debug|Any CPU = Debug|Any CPU
		Release|Any CPU = Release|Any CPU
	EndGlobalSection
	GlobalSection(ProjectConfigurationPlatforms) = postSolution
		{DED8199F-D62C-4CD2-AD27-1F01DAC8BCAF}.Debug|Any CPU.ActiveCfg = Debug|Any CPU
		{DED8199F-D62C-4CD2-AD27-1F01DAC8BCAF}.Debug|Any CPU.Build.0 = Debug|Any CPU
		{DED8199F-D62C-4CD2-AD27-1F01DAC8BCAF}.Release|Any CPU.ActiveCfg = Release|Any CPU
		{DED8199F-D62C-4CD2-AD27-1F01DAC8BCAF}.Release|Any CPU.Build.0 = Release|Any CPU
	EndGlobalSection
	GlobalSection(SolutionProperties) = preSolution
		HideSolutionNode = FALSE
	EndGlobalSection
	GlobalSection(ExtensibilityGlobals) = postSolution
		SolutionGuid = {D122C0C1-B9B1-4C10-86C3-15F6039F40FB}
	EndGlobalSection
EndGlobal
